[
  {
    "id": [170,170,170,170,170,170,170,170,170,170,170,170,170,170,170,170,170,170,170,170,170,170,170,170,170,170,170,170,170,170,170,170],
    "schema_version": 1,
    "signed_at_ns": 0,
    "entries": [
      {
        "image_uri": "gcr.io/distroless/cc-debian12",
        "image_sha256": [170,170,170,170,170,170,170,170,170,170,170,170,170,170,170,170,170,170,170,170,170,170,170,170,170,170,170,170,170,170,170,170],
        "description": "distroless cc-debian12 + maos-spirit-runtime (v0.5-alpha placeholder)",
        "default_for_v05": true
      }
    ],
    "signature": [1,1,1,1,1,1,1,1,1,1,1,1,1,1,1,1,1,1,1,1,1,1,1,1,1,1,1,1,1,1,1,1,1,1,1,1,1,1,1,1,1,1,1,1,1,1,1,1,1,1,1,1,1,1,1,1,1,1,1,1,1,1,1,1],
    "signer_pub_key": [2,2,2,2,2,2,2,2,2,2,2,2,2,2,2,2,2,2,2,2,2,2,2,2,2,2,2,2,2,2,2,2]
  }
]
